{
  "name": "not-much",
  "lockfileVersion": 3,
  "requires": true,
  "packages": {
    "": {
      "dependencies": {
        "@fontsource-variable/literata": "^5.2.5",
        "@fontsource-variable/red-hat-mono": "^5.2.5",
        "bootstrap": "^5.3.3"
      }
    },
    "node_modules/@fontsource-variable/literata": {
      "version": "5.2.5",
      "resolved": "https://registry.npmjs.org/@fontsource-variable/literata/-/literata-5.2.5.tgz",
      "integrity": "sha512-BXOybCun33h7jO+ViyfIz/+m0IPKJt59dYw5KfTzQqqkCfEekGPpFrK6sXGiu7NkyyjZibLUMAXtFHOIXqq8Eg==",
      "license": "OFL-1.1",
      "funding": {
        "url": "https://github.com/sponsors/ayuhito"
      }
    },
    "node_modules/@fontsource-variable/red-hat-mono": {
      "version": "5.2.5",
      "resolved": "https://registry.npmjs.org/@fontsource-variable/red-hat-mono/-/red-hat-mono-5.2.5.tgz",
      "integrity": "sha512-BP2zCfaBvjvx/+ijLYH6joqQ7aZyM5XecNuXSPUQ3G05fjU3q2MfEPT8CjIQ6LgsSpCxWOmrdlxOofDb/8pp2g==",
      "license": "OFL-1.1",
      "funding": {
        "url": "https://github.com/sponsors/ayuhito"
      }
    },
    "node_modules/@popperjs/core": {
      "version": "2.11.8",
      "resolved": "https://registry.npmjs.org/@popperjs/core/-/core-2.11.8.tgz",
      "integrity": "sha512-P1st0aksCrn9sGZhp8GMYwBnQsbvAWsZAX44oXNNvLHGqAOcoVxmjZiohstwQ7SqKnbR47akdNi+uleWD8+g6A==",
      "license": "MIT",
      "peer": true,
      "funding": {
        "type": "opencollective",
        "url": "https://opencollective.com/popperjs"
      }
    },
    "node_modules/bootstrap": {
      "version": "5.3.3",
      "resolved": "https://registry.npmjs.org/bootstrap/-/bootstrap-5.3.3.tgz",
      "integrity": "sha512-8HLCdWgyoMguSO9o+aH+iuZ+aht+mzW0u3HIMzVu7Srrpv7EBBxTnrFlSCskwdY1+EOFQSm7uMJhNQHkdPcmjg==",
      "funding": [
        {
          "type": "github",
          "url": "https://github.com/sponsors/twbs"
        },
        {
          "type": "opencollective",
          "url": "https://opencollective.com/bootstrap"
        }
      ],
      "license": "MIT",
      "peerDependencies": {
        "@popperjs/core": "^2.11.8"
      }
    }
  }
}
